
Microsoft Visual Studio Solution File, Format Version 12.00
# Visual Studio Version 16
VisualStudioVersion = 16.0.30128.74
MinimumVisualStudioVersion = 10.0.40219.1
Project("{8BC9CEB8-8B4A-11D0-8D11-00A0C91BC942}") = "PowerSkin", "PowerSkin\PowerSkin.vcxproj", "{491E57C9-900B-41EC-AD2B-87424F9E758B}"
EndProject
Global
	GlobalSection(SolutionConfigurationPlatforms) = preSolution
		Debug|x64 = Debug|x64
		Debug|x86 = Debug|x86
		Release|x64 = Release|x64
		Release|x86 = Release|x86
	EndGlobalSection
	GlobalSection(ProjectConfigurationPlatforms) = postSolution
		{491E57C9-900B-41EC-AD2B-87424F9E758B}.Debug|x64.ActiveCfg = Debug|x64
		{491E57C9-900B-41EC-AD2B-87424F9E758B}.Debug|x64.Build.0 = Debug|x64
		{491E57C9-900B-41EC-AD2B-87424F9E758B}.Debug|x86.ActiveCfg = Debug|Win32
		{491E57C9-900B-41EC-AD2B-87424F9E758B}.Debug|x86.Build.0 = Debug|Win32
		{491E57C9-900B-41EC-AD2B-87424F9E758B}.Release|x64.ActiveCfg = Release|x64
		{491E57C9-900B-41EC-AD2B-87424F9E758B}.Release|x64.Build.0 = Release|x64
		{491E57C9-900B-41EC-AD2B-87424F9E758B}.Release|x86.ActiveCfg = Release|Win32
		{491E57C9-900B-41EC-AD2B-87424F9E758B}.Release|x86.Build.0 = Release|Win32
	EndGlobalSection
	GlobalSection(SolutionProperties) = preSolution
		HideSolutionNode = FALSE
	EndGlobalSection
	GlobalSection(ExtensibilityGlobals) = postSolution
		SolutionGuid = {5F1128A4-F832-4DCE-A650-D1DA1127E4B3}
	EndGlobalSection
EndGlobal
